
Microsoft Visual Studio Solution File, Format Version 12.00
# Visual Studio Version 16
VisualStudioVersion = 16.0.31729.503
MinimumVisualStudioVersion = 10.0.40219.1
Project("{FAE04EC0-301F-11D3-BF4B-00C04F79EFBC}") = "HotelMajistic", "HotelMajistic\HotelMajistic.csproj", "{3A5B3B96-B246-41EB-83EA-0A94A7750E47}"
EndProject
Project("{9A19103F-16F7-4668-BE54-9A1E7A4F7556}") = "MLModel1_ConsoleApp1", "MLModel1_ConsoleApp1\MLModel1_ConsoleApp1.csproj", "{5B1799EB-56C6-4E0C-8812-F62E2F952948}"
EndProject
Project("{9A19103F-16F7-4668-BE54-9A1E7A4F7556}") = "MLModel1_WebApi1", "MLModel1_WebApi1\MLModel1_WebApi1.csproj", "{C5DDDC11-308A-47AE-ACE1-1A6A4D30CE06}"
EndProject
Global
	GlobalSection(SolutionConfigurationPlatforms) = preSolution
		Debug|Any CPU = Debug|Any CPU
		Release|Any CPU = Release|Any CPU
	EndGlobalSection
	GlobalSection(ProjectConfigurationPlatforms) = postSolution
		{3A5B3B96-B246-41EB-83EA-0A94A7750E47}.Debug|Any CPU.ActiveCfg = Debug|Any CPU
		{3A5B3B96-B246-41EB-83EA-0A94A7750E47}.Debug|Any CPU.Build.0 = Debug|Any CPU
		{3A5B3B96-B246-41EB-83EA-0A94A7750E47}.Release|Any CPU.ActiveCfg = Release|Any CPU
		{3A5B3B96-B246-41EB-83EA-0A94A7750E47}.Release|Any CPU.Build.0 = Release|Any CPU
		{5B1799EB-56C6-4E0C-8812-F62E2F952948}.Debug|Any CPU.ActiveCfg = Debug|Any CPU
		{5B1799EB-56C6-4E0C-8812-F62E2F952948}.Debug|Any CPU.Build.0 = Debug|Any CPU
		{5B1799EB-56C6-4E0C-8812-F62E2F952948}.Release|Any CPU.ActiveCfg = Release|Any CPU
		{5B1799EB-56C6-4E0C-8812-F62E2F952948}.Release|Any CPU.Build.0 = Release|Any CPU
		{C5DDDC11-308A-47AE-ACE1-1A6A4D30CE06}.Debug|Any CPU.ActiveCfg = Debug|Any CPU
		{C5DDDC11-308A-47AE-ACE1-1A6A4D30CE06}.Debug|Any CPU.Build.0 = Debug|Any CPU
		{C5DDDC11-308A-47AE-ACE1-1A6A4D30CE06}.Release|Any CPU.ActiveCfg = Release|Any CPU
		{C5DDDC11-308A-47AE-ACE1-1A6A4D30CE06}.Release|Any CPU.Build.0 = Release|Any CPU
	EndGlobalSection
	GlobalSection(SolutionProperties) = preSolution
		HideSolutionNode = FALSE
	EndGlobalSection
	GlobalSection(ExtensibilityGlobals) = postSolution
		SolutionGuid = {4429B04C-7F25-41EF-916D-BEAEB30D8830}
	EndGlobalSection
EndGlobal
